// !$*UTF8*$!
{
	archiveVersion = 1;
	classes = {
	};
	objectVersion = 48;
	objects = {

/* Begin PBXBuildFile section */
		3A38864D205F7117002E1B35 /* sound.mp3 in Resources */ = {isa = PBXBuildFile; fileRef = 3A38864C205F7117002E1B35 /* sound.mp3 */; };
		3A38864F205F76A4002E1B35 /* HomeViewControll.swift in Sources */ = {isa = PBXBuildFile; fileRef = 3A38864E205F76A4002E1B35 /* HomeViewControll.swift */; };
		3A388651205F76AF002E1B35 /* HomeViewControll.xib in Resources */ = {isa = PBXBuildFile; fileRef = 3A388650205F76AF002E1B35 /* HomeViewControll.xib */; };
		3A388655205F7C41002E1B35 /* ZBViewController.swift in Sources */ = {isa = PBXBuildFile; fileRef = 3A388654205F7C41002E1B35 /* ZBViewController.swift */; };
		3A388657205F7C4A002E1B35 /* ZBViewController.xib in Resources */ = {isa = PBXBuildFile; fileRef = 3A388656205F7C4A002E1B35 /* ZBViewController.xib */; };
		3A388659205F8019002E1B35 /* WechatIMG8.jpeg in Resources */ = {isa = PBXBuildFile; fileRef = 3A388658205F8019002E1B35 /* WechatIMG8.jpeg */; };
		3A38865B205F8081002E1B35 /* WechatIMG9.png in Resources */ = {isa = PBXBuildFile; fileRef = 3A38865A205F8080002E1B35 /* WechatIMG9.png */; };
		3A549F62205CD0290053135C /* AppDelegate.swift in Sources */ = {isa = PBXBuildFile; fileRef = 3A549F61205CD0290053135C /* AppDelegate.swift */; };
		3A549F69205CD0290053135C /* Assets.xcassets in Resources */ = {isa = PBXBuildFile; fileRef = 3A549F68205CD0290053135C /* Assets.xcassets */; };
		3A549F6C205CD0290053135C /* LaunchScreen.storyboard in Resources */ = {isa = PBXBuildFile; fileRef = 3A549F6A205CD0290053135C /* LaunchScreen.storyboard */; };
		3A549F77205CD0290053135C /* huaRongDaoTests.swift in Sources */ = {isa = PBXBuildFile; fileRef = 3A549F76205CD0290053135C /* huaRongDaoTests.swift */; };
		3A549F82205CD0290053135C /* huaRongDaoUITests.swift in Sources */ = {isa = PBXBuildFile; fileRef = 3A549F81205CD0290053135C /* huaRongDaoUITests.swift */; };
		3A549F90205D1BCB0053135C /* SucessViewController.swift in Sources */ = {isa = PBXBuildFile; fileRef = 3A549F8F205D1BCB0053135C /* SucessViewController.swift */; };
		3A549F92205D27880053135C /* SucessViewController.xib in Resources */ = {isa = PBXBuildFile; fileRef = 3A549F91205D27880053135C /* SucessViewController.xib */; };
/* End PBXBuildFile section */

/* Begin PBXContainerItemProxy section */
		3A549F73205CD0290053135C /* PBXContainerItemProxy */ = {
			isa = PBXContainerItemProxy;
			containerPortal = 3A549F56205CD0290053135C /* Project object */;
			proxyType = 1;
			remoteGlobalIDString = 3A549F5D205CD0290053135C;
			remoteInfo = huaRongDao;
		};
		3A549F7E205CD0290053135C /* PBXContainerItemProxy */ = {
			isa = PBXContainerItemProxy;
			containerPortal = 3A549F56205CD0290053135C /* Project object */;
			proxyType = 1;
			remoteGlobalIDString = 3A549F5D205CD0290053135C;
			remoteInfo = huaRongDao;
		};
/* End PBXContainerItemProxy section */

/* Begin PBXFileReference section */
		3A38864C205F7117002E1B35 /* sound.mp3 */ = {isa = PBXFileReference; lastKnownFileType = audio.mp3; name = sound.mp3; path = ../../sound.mp3; sourceTree = "<group>"; };
		3A38864E205F76A4002E1B35 /* HomeViewControll.swift */ = {isa = PBXFileReference; lastKnownFileType = sourcecode.swift; path = HomeViewControll.swift; sourceTree = "<group>"; };
		3A388650205F76AF002E1B35 /* HomeViewControll.xib */ = {isa = PBXFileReference; lastKnownFileType = file.xib; path = HomeViewControll.xib; sourceTree = "<group>"; };
		3A388654205F7C41002E1B35 /* ZBViewController.swift */ = {isa = PBXFileReference; lastKnownFileType = sourcecode.swift; path = ZBViewController.swift; sourceTree = "<group>"; };
		3A388656205F7C4A002E1B35 /* ZBViewController.xib */ = {isa = PBXFileReference; lastKnownFileType = file.xib; path = ZBViewController.xib; sourceTree = "<group>"; };
		3A388658205F8019002E1B35 /* WechatIMG8.jpeg */ = {isa = PBXFileReference; lastKnownFileType = image.jpeg; path = WechatIMG8.jpeg; sourceTree = "<group>"; };
		3A38865A205F8080002E1B35 /* WechatIMG9.png */ = {isa = PBXFileReference; lastKnownFileType = image.png; path = WechatIMG9.png; sourceTree = "<group>"; };
		3A549F5E205CD0290053135C /* huaRongDao.app */ = {isa = PBXFileReference; explicitFileType = wrapper.application; includeInIndex = 0; path = huaRongDao.app; sourceTree = BUILT_PRODUCTS_DIR; };
		3A549F61205CD0290053135C /* AppDelegate.swift */ = {isa = PBXFileReference; lastKnownFileType = sourcecode.swift; path = AppDelegate.swift; sourceTree = "<group>"; };
		3A549F68205CD0290053135C /* Assets.xcassets */ = {isa = PBXFileReference; lastKnownFileType = folder.assetcatalog; path = Assets.xcassets; sourceTree = "<group>"; };
		3A549F6B205CD0290053135C /* Base */ = {isa = PBXFileReference; lastKnownFileType = file.storyboard; name = Base; path = Base.lproj/LaunchScreen.storyboard; sourceTree = "<group>"; };
		3A549F6D205CD0290053135C /* Info.plist */ = {isa = PBXFileReference; lastKnownFileType = text.plist.xml; path = Info.plist; sourceTree = "<group>"; };
		3A549F72205CD0290053135C /* huaRongDaoTests.xctest */ = {isa = PBXFileReference; explicitFileType = wrapper.cfbundle; includeInIndex = 0; path = huaRongDaoTests.xctest; sourceTree = BUILT_PRODUCTS_DIR; };
		3A549F76205CD0290053135C /* huaRongDaoTests.swift */ = {isa = PBXFileReference; lastKnownFileType = sourcecode.swift; path = huaRongDaoTests.swift; sourceTree = "<group>"; };
		3A549F78205CD0290053135C /* Info.plist */ = {isa = PBXFileReference; lastKnownFileType = text.plist.xml; path = Info.plist; sourceTree = "<group>"; };
		3A549F7D205CD0290053135C /* huaRongDaoUITests.xctest */ = {isa = PBXFileReference; explicitFileType = wrapper.cfbundle; includeInIndex = 0; path = huaRongDaoUITests.xctest; sourceTree = BUILT_PRODUCTS_DIR; };
		3A549F81205CD0290053135C /* huaRongDaoUITests.swift */ = {isa = PBXFileReference; lastKnownFileType = sourcecode.swift; path = huaRongDaoUITests.swift; sourceTree = "<group>"; };
		3A549F83205CD0290053135C /* Info.plist */ = {isa = PBXFileReference; lastKnownFileType = text.plist.xml; path = Info.plist; sourceTree = "<group>"; };
		3A549F8F205D1BCB0053135C /* SucessViewController.swift */ = {isa = PBXFileReference; lastKnownFileType = sourcecode.swift; path = SucessViewController.swift; sourceTree = "<group>"; };
		3A549F91205D27880053135C /* SucessViewController.xib */ = {isa = PBXFileReference; lastKnownFileType = file.xib; path = SucessViewController.xib; sourceTree = "<group>"; };
/* End PBXFileReference section */

/* Begin PBXFrameworksBuildPhase section */
		3A549F5B205CD0290053135C /* Frameworks */ = {
			isa = PBXFrameworksBuildPhase;
			buildActionMask = 2147483647;
			files = (
			);
			runOnlyForDeploymentPostprocessing = 0;
		};
		3A549F6F205CD0290053135C /* Frameworks */ = {
			isa = PBXFrameworksBuildPhase;
			buildActionMask = 2147483647;
			files = (
			);
			runOnlyForDeploymentPostprocessing = 0;
		};
		3A549F7A205CD0290053135C /* Frameworks */ = {
			isa = PBXFrameworksBuildPhase;
			buildActionMask = 2147483647;
			files = (
			);
			runOnlyForDeploymentPostprocessing = 0;
		};
/* End PBXFrameworksBuildPhase section */

/* Begin PBXGroup section */
		3A549F55205CD0290053135C = {
			isa = PBXGroup;
			children = (
				3A549F60205CD0290053135C /* huaRongDao */,
				3A549F75205CD0290053135C /* huaRongDaoTests */,
				3A549F80205CD0290053135C /* huaRongDaoUITests */,
				3A549F5F205CD0290053135C /* Products */,
			);
			sourceTree = "<group>";
		};
		3A549F5F205CD0290053135C /* Products */ = {
			isa = PBXGroup;
			children = (
				3A549F5E205CD0290053135C /* huaRongDao.app */,
				3A549F72205CD0290053135C /* huaRongDaoTests.xctest */,
				3A549F7D205CD0290053135C /* huaRongDaoUITests.xctest */,
			);
			name = Products;
			sourceTree = "<group>";
		};
		3A549F60205CD0290053135C /* huaRongDao */ = {
			isa = PBXGroup;
			children = (
				3A38864C205F7117002E1B35 /* sound.mp3 */,
				3A549F61205CD0290053135C /* AppDelegate.swift */,
				3A38864E205F76A4002E1B35 /* HomeViewControll.swift */,
				3A388650205F76AF002E1B35 /* HomeViewControll.xib */,
				3A388654205F7C41002E1B35 /* ZBViewController.swift */,
				3A388656205F7C4A002E1B35 /* ZBViewController.xib */,
				3A549F8F205D1BCB0053135C /* SucessViewController.swift */,
				3A549F91205D27880053135C /* SucessViewController.xib */,
				3A549F68205CD0290053135C /* Assets.xcassets */,
				3A549F6A205CD0290053135C /* LaunchScreen.storyboard */,
				3A549F6D205CD0290053135C /* Info.plist */,
				3A388658205F8019002E1B35 /* WechatIMG8.jpeg */,
				3A38865A205F8080002E1B35 /* WechatIMG9.png */,
			);
			path = huaRongDao;
			sourceTree = "<group>";
		};
		3A549F75205CD0290053135C /* huaRongDaoTests */ = {
			isa = PBXGroup;
			children = (
				3A549F76205CD0290053135C /* huaRongDaoTests.swift */,
				3A549F78205CD0290053135C /* Info.plist */,
			);
			path = huaRongDaoTests;
			sourceTree = "<group>";
		};
		3A549F80205CD0290053135C /* huaRongDaoUITests */ = {
			isa = PBXGroup;
			children = (
				3A549F81205CD0290053135C /* huaRongDaoUITests.swift */,
				3A549F83205CD0290053135C /* Info.plist */,
			);
			path = huaRongDaoUITests;
			sourceTree = "<group>";
		};
/* End PBXGroup section */

/* Begin PBXNativeTarget section */
		3A549F5D205CD0290053135C /* huaRongDao */ = {
			isa = PBXNativeTarget;
			buildConfigurationList = 3A549F86205CD0290053135C /* Build configuration list for PBXNativeTarget "huaRongDao" */;
			buildPhases = (
				3A549F5A205CD0290053135C /* Sources */,
				3A549F5B205CD0290053135C /* Frameworks */,
				3A549F5C205CD0290053135C /* Resources */,
			);
			buildRules = (
			);
			dependencies = (
			);
			name = huaRongDao;
			productName = huaRongDao;
			productReference = 3A549F5E205CD0290053135C /* huaRongDao.app */;
			productType = "com.apple.product-type.application";
		};
		3A549F71205CD0290053135C /* huaRongDaoTests */ = {
			isa = PBXNativeTarget;
			buildConfigurationList = 3A549F89205CD0290053135C /* Build configuration list for PBXNativeTarget "huaRongDaoTests" */;
			buildPhases = (
				3A549F6E205CD0290053135C /* Sources */,
				3A549F6F205CD0290053135C /* Frameworks */,
				3A549F70205CD0290053135C /* Resources */,
			);
			buildRules = (
			);
			dependencies = (
				3A549F74205CD0290053135C /* PBXTargetDependency */,
			);
			name = huaRongDaoTests;
			productName = huaRongDaoTests;
			productReference = 3A549F72205CD0290053135C /* huaRongDaoTests.xctest */;
			productType = "com.apple.product-type.bundle.unit-test";
		};
		3A549F7C205CD0290053135C /* huaRongDaoUITests */ = {
			isa = PBXNativeTarget;
			buildConfigurationList = 3A549F8C205CD0290053135C /* Build configuration list for PBXNativeTarget "huaRongDaoUITests" */;
			buildPhases = (
				3A549F79205CD0290053135C /* Sources */,
				3A549F7A205CD0290053135C /* Frameworks */,
				3A549F7B205CD0290053135C /* Resources */,
			);
			buildRules = (
			);
			dependencies = (
				3A549F7F205CD0290053135C /* PBXTargetDependency */,
			);
			name = huaRongDaoUITests;
			productName = huaRongDaoUITests;
			productReference = 3A549F7D205CD0290053135C /* huaRongDaoUITests.xctest */;
			productType = "com.apple.product-type.bundle.ui-testing";
		};
/* End PBXNativeTarget section */

/* Begin PBXProject section */
		3A549F56205CD0290053135C /* Project object */ = {
			isa = PBXProject;
			attributes = {
				LastSwiftUpdateCheck = 0920;
				LastUpgradeCheck = 0920;
				ORGANIZATIONNAME = "柏超曾";
				TargetAttributes = {
					3A549F5D205CD0290053135C = {
						CreatedOnToolsVersion = 9.2;
						ProvisioningStyle = Automatic;
					};
					3A549F71205CD0290053135C = {
						CreatedOnToolsVersion = 9.2;
						ProvisioningStyle = Automatic;
						TestTargetID = 3A549F5D205CD0290053135C;
					};
					3A549F7C205CD0290053135C = {
						CreatedOnToolsVersion = 9.2;
						ProvisioningStyle = Automatic;
						TestTargetID = 3A549F5D205CD0290053135C;
					};
				};
			};
			buildConfigurationList = 3A549F59205CD0290053135C /* Build configuration list for PBXProject "huaRongDao" */;
			compatibilityVersion = "Xcode 8.0";
			developmentRegion = en;
			hasScannedForEncodings = 0;
			knownRegions = (
				en,
				Base,
			);
			mainGroup = 3A549F55205CD0290053135C;
			productRefGroup = 3A549F5F205CD0290053135C /* Products */;
			projectDirPath = "";
			projectRoot = "";
			targets = (
				3A549F5D205CD0290053135C /* huaRongDao */,
				3A549F71205CD0290053135C /* huaRongDaoTests */,
				3A549F7C205CD0290053135C /* huaRongDaoUITests */,
			);
		};
/* End PBXProject section */

/* Begin PBXResourcesBuildPhase section */
		3A549F5C205CD0290053135C /* Resources */ = {
			isa = PBXResourcesBuildPhase;
			buildActionMask = 2147483647;
			files = (
				3A388659205F8019002E1B35 /* WechatIMG8.jpeg in Resources */,
				3A388657205F7C4A002E1B35 /* ZBViewController.xib in Resources */,
				3A549F6C205CD0290053135C /* LaunchScreen.storyboard in Resources */,
				3A38865B205F8081002E1B35 /* WechatIMG9.png in Resources */,
				3A549F69205CD0290053135C /* Assets.xcassets in Resources */,
				3A388651205F76AF002E1B35 /* HomeViewControll.xib in Resources */,
				3A549F92205D27880053135C /* SucessViewController.xib in Resources */,
				3A38864D205F7117002E1B35 /* sound.mp3 in Resources */,
			);
			runOnlyForDeploymentPostprocessing = 0;
		};
		3A549F70205CD0290053135C /* Resources */ = {
			isa = PBXResourcesBuildPhase;
			buildActionMask = 2147483647;
			files = (
			);
			runOnlyForDeploymentPostprocessing = 0;
		};
		3A549F7B205CD0290053135C /* Resources */ = {
			isa = PBXResourcesBuildPhase;
			buildActionMask = 2147483647;
			files = (
			);
			runOnlyForDeploymentPostprocessing = 0;
		};
/* End PBXResourcesBuildPhase section */

/* Begin PBXSourcesBuildPhase section */
		3A549F5A205CD0290053135C /* Sources */ = {
			isa = PBXSourcesBuildPhase;
			buildActionMask = 2147483647;
			files = (
				3A549F90205D1BCB0053135C /* SucessViewController.swift in Sources */,
				3A388655205F7C41002E1B35 /* ZBViewController.swift in Sources */,
				3A38864F205F76A4002E1B35 /* HomeViewControll.swift in Sources */,
				3A549F62205CD0290053135C /* AppDelegate.swift in Sources */,
			);
			runOnlyForDeploymentPostprocessing = 0;
		};
		3A549F6E205CD0290053135C /* Sources */ = {
			isa = PBXSourcesBuildPhase;
			buildActionMask = 2147483647;
			files = (
				3A549F77205CD0290053135C /* huaRongDaoTests.swift in Sources */,
			);
			runOnlyForDeploymentPostprocessing = 0;
		};
		3A549F79205CD0290053135C /* Sources */ = {
			isa = PBXSourcesBuildPhase;
			buildActionMask = 2147483647;
			files = (
				3A549F82205CD0290053135C /* huaRongDaoUITests.swift in Sources */,
			);
			runOnlyForDeploymentPostprocessing = 0;
		};
/* End PBXSourcesBuildPhase section */

/* Begin PBXTargetDependency section */
		3A549F74205CD0290053135C /* PBXTargetDependency */ = {
			isa = PBXTargetDependency;
			target = 3A549F5D205CD0290053135C /* huaRongDao */;
			targetProxy = 3A549F73205CD0290053135C /* PBXContainerItemProxy */;
		};
		3A549F7F205CD0290053135C /* PBXTargetDependency */ = {
			isa = PBXTargetDependency;
			target = 3A549F5D205CD0290053135C /* huaRongDao */;
			targetProxy = 3A549F7E205CD0290053135C /* PBXContainerItemProxy */;
		};
/* End PBXTargetDependency section */

/* Begin PBXVariantGroup section */
		3A549F6A205CD0290053135C /* LaunchScreen.storyboard */ = {
			isa = PBXVariantGroup;
			children = (
				3A549F6B205CD0290053135C /* Base */,
			);
			name = LaunchScreen.storyboard;
			sourceTree = "<group>";
		};
/* End PBXVariantGroup section */

/* Begin XCBuildConfiguration section */
		3A549F84205CD0290053135C /* Debug */ = {
			isa = XCBuildConfiguration;
			buildSettings = {
				ALWAYS_SEARCH_USER_PATHS = NO;
				CLANG_ANALYZER_NONNULL = YES;
				CLANG_ANALYZER_NUMBER_OBJECT_CONVERSION = YES_AGGRESSIVE;
				CLANG_CXX_LANGUAGE_STANDARD = "gnu++14";
				CLANG_CXX_LIBRARY = "libc++";
				CLANG_ENABLE_MODULES = YES;
				CLANG_ENABLE_OBJC_ARC = YES;
				CLANG_WARN_BLOCK_CAPTURE_AUTORELEASING = YES;
				CLANG_WARN_BOOL_CONVERSION = YES;
				CLANG_WARN_COMMA = YES;
				CLANG_WARN_CONSTANT_CONVERSION = YES;
				CLANG_WARN_DIRECT_OBJC_ISA_USAGE = YES_ERROR;
				CLANG_WARN_DOCUMENTATION_COMMENTS = YES;
				CLANG_WARN_EMPTY_BODY = YES;
				CLANG_WARN_ENUM_CONVERSION = YES;
				CLANG_WARN_INFINITE_RECURSION = YES;
				CLANG_WARN_INT_CONVERSION = YES;
				CLANG_WARN_NON_LITERAL_NULL_CONVERSION = YES;
				CLANG_WARN_OBJC_LITERAL_CONVERSION = YES;
				CLANG_WARN_OBJC_ROOT_CLASS = YES_ERROR;
				CLANG_WARN_RANGE_LOOP_ANALYSIS = YES;
				CLANG_WARN_STRICT_PROTOTYPES = YES;
				CLANG_WARN_SUSPICIOUS_MOVE = YES;
				CLANG_WARN_UNGUARDED_AVAILABILITY = YES_AGGRESSIVE;
				CLANG_WARN_UNREACHABLE_CODE = YES;
				CLANG_WARN__DUPLICATE_METHOD_MATCH = YES;
				CODE_SIGN_IDENTITY = "iPhone Developer";
				COPY_PHASE_STRIP = NO;
				DEBUG_INFORMATION_FORMAT = dwarf;
				ENABLE_STRICT_OBJC_MSGSEND = YES;
				ENABLE_TESTABILITY = YES;
				GCC_C_LANGUAGE_STANDARD = gnu11;
				GCC_DYNAMIC_NO_PIC = NO;
				GCC_NO_COMMON_BLOCKS = YES;
				GCC_OPTIMIZATION_LEVEL = 0;
				GCC_PREPROCESSOR_DEFINITIONS = (
					"DEBUG=1",
					"$(inherited)",
				);
				GCC_WARN_64_TO_32_BIT_CONVERSION = YES;
				GCC_WARN_ABOUT_RETURN_TYPE = YES_ERROR;
				GCC_WARN_UNDECLARED_SELECTOR = YES;
				GCC_WARN_UNINITIALIZED_AUTOS = YES_AGGRESSIVE;
				GCC_WARN_UNUSED_FUNCTION = YES;
				GCC_WARN_UNUSED_VARIABLE = YES;
				IPHONEOS_DEPLOYMENT_TARGET = 11.2;
				MTL_ENABLE_DEBUG_INFO = YES;
				ONLY_ACTIVE_ARCH = YES;
				SDKROOT = iphoneos;
				SWIFT_ACTIVE_COMPILATION_CONDITIONS = DEBUG;
				SWIFT_OPTIMIZATION_LEVEL = "-Onone";
			};
			name = Debug;
		};
		3A549F85205CD0290053135C /* Release */ = {
			isa = XCBuildConfiguration;
			buildSettings = {
				ALWAYS_SEARCH_USER_PATHS = NO;
				CLANG_ANALYZER_NONNULL = YES;
				CLANG_ANALYZER_NUMBER_OBJECT_CONVERSION = YES_AGGRESSIVE;
				CLANG_CXX_LANGUAGE_STANDARD = "gnu++14";
				CLANG_CXX_LIBRARY = "libc++";
				CLANG_ENABLE_MODULES = YES;
				CLANG_ENABLE_OBJC_ARC = YES;
				CLANG_WARN_BLOCK_CAPTURE_AUTORELEASING = YES;
				CLANG_WARN_BOOL_CONVERSION = YES;
				CLANG_WARN_COMMA = YES;
				CLANG_WARN_CONSTANT_CONVERSION = YES;
				CLANG_WARN_DIRECT_OBJC_ISA_USAGE = YES_ERROR;
				CLANG_WARN_DOCUMENTATION_COMMENTS = YES;
				CLANG_WARN_EMPTY_BODY = YES;
				CLANG_WARN_ENUM_CONVERSION = YES;
				CLANG_WARN_INFINITE_RECURSION = YES;
				CLANG_WARN_INT_CONVERSION = YES;
				CLANG_WARN_NON_LITERAL_NULL_CONVERSION = YES;
				CLANG_WARN_OBJC_LITERAL_CONVERSION = YES;
				CLANG_WARN_OBJC_ROOT_CLASS = YES_ERROR;
				CLANG_WARN_RANGE_LOOP_ANALYSIS = YES;
				CLANG_WARN_STRICT_PROTOTYPES = YES;
				CLANG_WARN_SUSPICIOUS_MOVE = YES;
				CLANG_WARN_UNGUARDED_AVAILABILITY = YES_AGGRESSIVE;
				CLANG_WARN_UNREACHABLE_CODE = YES;
				CLANG_WARN__DUPLICATE_METHOD_MATCH = YES;
				CODE_SIGN_IDENTITY = "iPhone Developer";
				COPY_PHASE_STRIP = NO;
				DEBUG_INFORMATION_FORMAT = "dwarf-with-dsym";
				ENABLE_NS_ASSERTIONS = NO;
				ENABLE_STRICT_OBJC_MSGSEND = YES;
				GCC_C_LANGUAGE_STANDARD = gnu11;
				GCC_NO_COMMON_BLOCKS = YES;
				GCC_WARN_64_TO_32_BIT_CONVERSION = YES;
				GCC_WARN_ABOUT_RETURN_TYPE = YES_ERROR;
				GCC_WARN_UNDECLARED_SELECTOR = YES;
				GCC_WARN_UNINITIALIZED_AUTOS = YES_AGGRESSIVE;
				GCC_WARN_UNUSED_FUNCTION = YES;
				GCC_WARN_UNUSED_VARIABLE = YES;
				IPHONEOS_DEPLOYMENT_TARGET = 11.2;
				MTL_ENABLE_DEBUG_INFO = NO;
				SDKROOT = iphoneos;
				SWIFT_OPTIMIZATION_LEVEL = "-Owholemodule";
				VALIDATE_PRODUCT = YES;
			};
			name = Release;
		};
		3A549F87205CD0290053135C /* Debug */ = {
			isa = XCBuildConfiguration;
			buildSettings = {
				ASSETCATALOG_COMPILER_APPICON_NAME = AppIcon;
				CODE_SIGN_STYLE = Automatic;
				DEVELOPMENT_TEAM = 8E534K4D8Z;
				INFOPLIST_FILE = huaRongDao/Info.plist;
				LD_RUNPATH_SEARCH_PATHS = "$(inherited) @executable_path/Frameworks";
				PRODUCT_BUNDLE_IDENTIFIER = hjk.huaRongDao;
				PRODUCT_NAME = "$(TARGET_NAME)";
				SWIFT_VERSION = 4.0;
				TARGETED_DEVICE_FAMILY = "1,2";
			};
			name = Debug;
		};
		3A549F88205CD0290053135C /* Release */ = {
			isa = XCBuildConfiguration;
			buildSettings = {
				ASSETCATALOG_COMPILER_APPICON_NAME = AppIcon;
				CODE_SIGN_STYLE = Automatic;
				DEVELOPMENT_TEAM = 8E534K4D8Z;
				INFOPLIST_FILE = huaRongDao/Info.plist;
				LD_RUNPATH_SEARCH_PATHS = "$(inherited) @executable_path/Frameworks";
				PRODUCT_BUNDLE_IDENTIFIER = hjk.huaRongDao;
				PRODUCT_NAME = "$(TARGET_NAME)";
				SWIFT_VERSION = 4.0;
				TARGETED_DEVICE_FAMILY = "1,2";
			};
			name = Release;
		};
		3A549F8A205CD0290053135C /* Debug */ = {
			isa = XCBuildConfiguration;
			buildSettings = {
				ALWAYS_EMBED_SWIFT_STANDARD_LIBRARIES = YES;
				BUNDLE_LOADER = "$(TEST_HOST)";
				CODE_SIGN_STYLE = Automatic;
				DEVELOPMENT_TEAM = 8E534K4D8Z;
				INFOPLIST_FILE = huaRongDaoTests/Info.plist;
				LD_RUNPATH_SEARCH_PATHS = "$(inherited) @executable_path/Frameworks @loader_path/Frameworks";
				PRODUCT_BUNDLE_IDENTIFIER = hjk.huaRongDaoTests;
				PRODUCT_NAME = "$(TARGET_NAME)";
				SWIFT_VERSION = 4.0;
				TARGETED_DEVICE_FAMILY = "1,2";
				TEST_HOST = "$(BUILT_PRODUCTS_DIR)/huaRongDao.app/huaRongDao";
			};
			name = Debug;
		};
		3A549F8B205CD0290053135C /* Release */ = {
			isa = XCBuildConfiguration;
			buildSettings = {
				ALWAYS_EMBED_SWIFT_STANDARD_LIBRARIES = YES;
				BUNDLE_LOADER = "$(TEST_HOST)";
				CODE_SIGN_STYLE = Automatic;
				DEVELOPMENT_TEAM = 8E534K4D8Z;
				INFOPLIST_FILE = huaRongDaoTests/Info.plist;
				LD_RUNPATH_SEARCH_PATHS = "$(inherited) @executable_path/Frameworks @loader_path/Frameworks";
				PRODUCT_BUNDLE_IDENTIFIER = hjk.huaRongDaoTests;
				PRODUCT_NAME = "$(TARGET_NAME)";
				SWIFT_VERSION = 4.0;
				TARGETED_DEVICE_FAMILY = "1,2";
				TEST_HOST = "$(BUILT_PRODUCTS_DIR)/huaRongDao.app/huaRongDao";
			};
			name = Release;
		};
		3A549F8D205CD0290053135C /* Debug */ = {
			isa = XCBuildConfiguration;
			buildSettings = {
				ALWAYS_EMBED_SWIFT_STANDARD_LIBRARIES = YES;
				CODE_SIGN_STYLE = Automatic;
				DEVELOPMENT_TEAM = 8E534K4D8Z;
				INFOPLIST_FILE = huaRongDaoUITests/Info.plist;
				LD_RUNPATH_SEARCH_PATHS = "$(inherited) @executable_path/Frameworks @loader_path/Frameworks";
				PRODUCT_BUNDLE_IDENTIFIER = hjk.huaRongDaoUITests;
				PRODUCT_NAME = "$(TARGET_NAME)";
				SWIFT_VERSION = 4.0;
				TARGETED_DEVICE_FAMILY = "1,2";
				TEST_TARGET_NAME = huaRongDao;
			};
			name = Debug;
		};
		3A549F8E205CD0290053135C /* Release */ = {
			isa = XCBuildConfiguration;
			buildSettings = {
				ALWAYS_EMBED_SWIFT_STANDARD_LIBRARIES = YES;
				CODE_SIGN_STYLE = Automatic;
				DEVELOPMENT_TEAM = 8E534K4D8Z;
				INFOPLIST_FILE = huaRongDaoUITests/Info.plist;
				LD_RUNPATH_SEARCH_PATHS = "$(inherited) @executable_path/Frameworks @loader_path/Frameworks";
				PRODUCT_BUNDLE_IDENTIFIER = hjk.huaRongDaoUITests;
				PRODUCT_NAME = "$(TARGET_NAME)";
				SWIFT_VERSION = 4.0;
				TARGETED_DEVICE_FAMILY = "1,2";
				TEST_TARGET_NAME = huaRongDao;
			};
			name = Release;
		};
/* End XCBuildConfiguration section */

/* Begin XCConfigurationList section */
		3A549F59205CD0290053135C /* Build configuration list for PBXProject "huaRongDao" */ = {
			isa = XCConfigurationList;
			buildConfigurations = (
				3A549F84205CD0290053135C /* Debug */,
				3A549F85205CD0290053135C /* Release */,
			);
			defaultConfigurationIsVisible = 0;
			defaultConfigurationName = Release;
		};
		3A549F86205CD0290053135C /* Build configuration list for PBXNativeTarget "huaRongDao" */ = {
			isa = XCConfigurationList;
			buildConfigurations = (
				3A549F87205CD0290053135C /* Debug */,
				3A549F88205CD0290053135C /* Release */,
			);
			defaultConfigurationIsVisible = 0;
			defaultConfigurationName = Release;
		};
		3A549F89205CD0290053135C /* Build configuration list for PBXNativeTarget "huaRongDaoTests" */ = {
			isa = XCConfigurationList;
			buildConfigurations = (
				3A549F8A205CD0290053135C /* Debug */,
				3A549F8B205CD0290053135C /* Release */,
			);
			defaultConfigurationIsVisible = 0;
			defaultConfigurationName = Release;
		};
		3A549F8C205CD0290053135C /* Build configuration list for PBXNativeTarget "huaRongDaoUITests" */ = {
			isa = XCConfigurationList;
			buildConfigurations = (
				3A549F8D205CD0290053135C /* Debug */,
				3A549F8E205CD0290053135C /* Release */,
			);
			defaultConfigurationIsVisible = 0;
			defaultConfigurationName = Release;
		};
/* End XCConfigurationList section */
	};
	rootObject = 3A549F56205CD0290053135C /* Project object */;
}
